{
  "lockfileVersion": 1,
  "workspaces": {
    "": {
      "name": "html-to-text",
      "devDependencies": {
        "@types/bun": "latest",
        "oxc-transform": "^0.90.0",
      },
      "peerDependencies": {
        "typescript": "^5",
      },
    },
  },
  "packages": {
    "@emnapi/core": ["@emnapi/core@1.5.0", "", { "dependencies": { "@emnapi/wasi-threads": "1.1.0", "tslib": "^2.4.0" } }, "sha512-sbP8GzB1WDzacS8fgNPpHlp6C9VZe+SJP3F90W9rLemaQj2PzIuTEl1qDOYQf58YIpyjViI24y9aPWCjEzY2cg=="],

    "@emnapi/runtime": ["@emnapi/runtime@1.5.0", "", { "dependencies": { "tslib": "^2.4.0" } }, "sha512-97/BJ3iXHww3djw6hYIfErCZFee7qCtrneuLa20UXFCOTCfBM2cvQHjWJ2EG0s0MtdNwInarqCTz35i4wWXHsQ=="],

    "@emnapi/wasi-threads": ["@emnapi/wasi-threads@1.1.0", "", { "dependencies": { "tslib": "^2.4.0" } }, "sha512-WI0DdZ8xFSbgMjR1sFsKABJ/C5OnRrjT06JXbZKexJGrDuPTzZdDYfFlsgcCXCyf+suG5QU2e/y1Wo2V/OapLQ=="],

    "@napi-rs/wasm-runtime": ["@napi-rs/wasm-runtime@1.0.5", "", { "dependencies": { "@emnapi/core": "^1.5.0", "@emnapi/runtime": "^1.5.0", "@tybys/wasm-util": "^0.10.1" } }, "sha512-TBr9Cf9onSAS2LQ2+QHx6XcC6h9+RIzJgbqG3++9TUZSH204AwEy5jg3BTQ0VATsyoGj4ee49tN/y6rvaOOtcg=="],

    "@oxc-transform/binding-android-arm64": ["@oxc-transform/binding-android-arm64@0.90.0", "", { "os": "android", "cpu": "arm64" }, "sha512-3AmjNSplH9HI4Xnz5LxZHFFVmZ1puCcSyfR0Tk2KF++rMq14epWM24BuF5+2MRepdfBDDqFlV2KEzsTa0ylP6Q=="],

    "@oxc-transform/binding-darwin-arm64": ["@oxc-transform/binding-darwin-arm64@0.90.0", "", { "os": "darwin", "cpu": "arm64" }, "sha512-FPQzvWLchfvj+CcQtG8NXiByPNewPk7JfaS43BGXddqwK4F/HoW+Myrv6w40bTSP+lz7qbZWXTRELd4nnynxDw=="],

    "@oxc-transform/binding-darwin-x64": ["@oxc-transform/binding-darwin-x64@0.90.0", "", { "os": "darwin", "cpu": "x64" }, "sha512-iZNJnSCyqA3SNkf2trlHH/3yXgR00SP/bue5XpMQGBu/ddWnWODjAP8S7n7uGecYa3EekJqO5JDfAuYfXDTNbw=="],

    "@oxc-transform/binding-freebsd-x64": ["@oxc-transform/binding-freebsd-x64@0.90.0", "", { "os": "freebsd", "cpu": "x64" }, "sha512-0xBnn9rQ8t2gf5+RMi8UdZFhW97lsaSD/l3mocDWjHEuY/wbEwxZ55sHa7FZmo6Jg7oFCEfahmywUk/590dgZw=="],

    "@oxc-transform/binding-linux-arm-gnueabihf": ["@oxc-transform/binding-linux-arm-gnueabihf@0.90.0", "", { "os": "linux", "cpu": "arm" }, "sha512-GZuvFJen0DsbMnGI7PGB1lSLZWuFL4+SfGfJOfizofzB6BYvWKu+5BchL0sIbGJhSTDDrO/HY+DO33K7A3I7pw=="],

    "@oxc-transform/binding-linux-arm-musleabihf": ["@oxc-transform/binding-linux-arm-musleabihf@0.90.0", "", { "os": "linux", "cpu": "arm" }, "sha512-FS1PdaZFUTbx9mc9XtPpoHri2Ac7HW9d/8a/SbFm3uwRj/9JVCVcVwx6RtZ3MxR7NdSSRahxLSlT2lQ0uoRCKg=="],

    "@oxc-transform/binding-linux-arm64-gnu": ["@oxc-transform/binding-linux-arm64-gnu@0.90.0", "", { "os": "linux", "cpu": "arm64" }, "sha512-9v2VWRV2IoiHrY928Q2mOPshG9gyI9u/kiTqeXiRcAcKGYDdb3lzzhOZJIgZPIiG4hbpJcpXUsQ3QHYTVPnxEg=="],

    "@oxc-transform/binding-linux-arm64-musl": ["@oxc-transform/binding-linux-arm64-musl@0.90.0", "", { "os": "linux", "cpu": "arm64" }, "sha512-rpUhhGHqklEs9lkxyzVBZcyu5xEufTlsSC1TxYYbUYkKLCRFM14L4I30yymJCUMZPLW8DWJMRj0hukhHrAhCLQ=="],

    "@oxc-transform/binding-linux-riscv64-gnu": ["@oxc-transform/binding-linux-riscv64-gnu@0.90.0", "", { "os": "linux", "cpu": "none" }, "sha512-GAFa248pNdU5lbeixcLlbNbL4pcrQyAeZsKkL2r6WSj5rDGSUCTa77Ff0uVOLi0uOHt41pFjLvWTUi3SdMsYHA=="],

    "@oxc-transform/binding-linux-s390x-gnu": ["@oxc-transform/binding-linux-s390x-gnu@0.90.0", "", { "os": "linux", "cpu": "s390x" }, "sha512-02c14tUDYx5w0G2jxPJoOWBQAcFF5cUW6biiH9cwMAVSn2dSNfWilxweoir/lkUroMStebl8sinmfAZDifmDeA=="],

    "@oxc-transform/binding-linux-x64-gnu": ["@oxc-transform/binding-linux-x64-gnu@0.90.0", "", { "os": "linux", "cpu": "x64" }, "sha512-3yVs4d9jaforTvq8X1Vrs9FOyE7tt/KbtL8eToESLZ3VD5M70Z2wZ8nFfOPrKI9DcU1Awo/PmojYJ5tDc+MTZA=="],

    "@oxc-transform/binding-linux-x64-musl": ["@oxc-transform/binding-linux-x64-musl@0.90.0", "", { "os": "linux", "cpu": "x64" }, "sha512-dft/+Ii9/kOjJaHOXMt4E9u8htiTVkdRmrxFG1Xm95u0o4UTyZfkw1lGSvpeTiHfalrZ+nGs4lQQ6IVCHN2oag=="],

    "@oxc-transform/binding-wasm32-wasi": ["@oxc-transform/binding-wasm32-wasi@0.90.0", "", { "dependencies": { "@napi-rs/wasm-runtime": "^1.0.5" }, "cpu": "none" }, "sha512-AqB+hZ/671GmldNgNSERBSG35XBG93fa+xX0az9CWQukGVm165Ld3iFj8StW1IOG+sFRYJcGo/Ztqi+JKjsM7Q=="],

    "@oxc-transform/binding-win32-arm64-msvc": ["@oxc-transform/binding-win32-arm64-msvc@0.90.0", "", { "os": "win32", "cpu": "arm64" }, "sha512-ULououz0JQfC7pgVI6DH3YgIBkH3I6H35B6br6gFi1U+f0EkaEQF9+g1K6RxUoO/jBbMuiVHRsiSOHFeFUW8VQ=="],

    "@oxc-transform/binding-win32-x64-msvc": ["@oxc-transform/binding-win32-x64-msvc@0.90.0", "", { "os": "win32", "cpu": "x64" }, "sha512-XEaVoClyuEG0eGV83h+x6ewFiddMaw62lxiMurfhkgjNDI+jx4nQczZ7nPvfSzS1L6fc3u7JXLhJ4IxEN80G5w=="],

    "@tybys/wasm-util": ["@tybys/wasm-util@0.10.1", "", { "dependencies": { "tslib": "^2.4.0" } }, "sha512-9tTaPJLSiejZKx+Bmog4uSubteqTvFrVrURwkmHixBo0G4seD0zUxp98E1DzUBJxLQ3NPwXrGKDiVjwx/DpPsg=="],

    "@types/bun": ["@types/bun@1.2.22", "", { "dependencies": { "bun-types": "1.2.22" } }, "sha512-5A/KrKos2ZcN0c6ljRSOa1fYIyCKhZfIVYeuyb4snnvomnpFqC0tTsEkdqNxbAgExV384OETQ//WAjl3XbYqQA=="],

    "@types/node": ["@types/node@24.5.2", "", { "dependencies": { "undici-types": "~7.12.0" } }, "sha512-FYxk1I7wPv3K2XBaoyH2cTnocQEu8AOZ60hPbsyukMPLv5/5qr7V1i8PLHdl6Zf87I+xZXFvPCXYjiTFq+YSDQ=="],

    "@types/react": ["@types/react@19.1.13", "", { "dependencies": { "csstype": "^3.0.2" } }, "sha512-hHkbU/eoO3EG5/MZkuFSKmYqPbSVk5byPFa3e7y/8TybHiLMACgI8seVYlicwk7H5K/rI2px9xrQp/C+AUDTiQ=="],

    "bun-types": ["bun-types@1.2.22", "", { "dependencies": { "@types/node": "*" }, "peerDependencies": { "@types/react": "^19" } }, "sha512-hwaAu8tct/Zn6Zft4U9BsZcXkYomzpHJX28ofvx7k0Zz2HNz54n1n+tDgxoWFGB4PcFvJXJQloPhaV2eP3Q6EA=="],

    "csstype": ["csstype@3.1.3", "", {}, "sha512-M1uQkMl8rQK/szD0LNhtqxIPLpimGm8sOBwU7lLnCpSbTyY3yeU1Vc7l4KT5zT4s/yOxHH5O7tIuuLOCnLADRw=="],

    "oxc-transform": ["oxc-transform@0.90.0", "", { "optionalDependencies": { "@oxc-transform/binding-android-arm64": "0.90.0", "@oxc-transform/binding-darwin-arm64": "0.90.0", "@oxc-transform/binding-darwin-x64": "0.90.0", "@oxc-transform/binding-freebsd-x64": "0.90.0", "@oxc-transform/binding-linux-arm-gnueabihf": "0.90.0", "@oxc-transform/binding-linux-arm-musleabihf": "0.90.0", "@oxc-transform/binding-linux-arm64-gnu": "0.90.0", "@oxc-transform/binding-linux-arm64-musl": "0.90.0", "@oxc-transform/binding-linux-riscv64-gnu": "0.90.0", "@oxc-transform/binding-linux-s390x-gnu": "0.90.0", "@oxc-transform/binding-linux-x64-gnu": "0.90.0", "@oxc-transform/binding-linux-x64-musl": "0.90.0", "@oxc-transform/binding-wasm32-wasi": "0.90.0", "@oxc-transform/binding-win32-arm64-msvc": "0.90.0", "@oxc-transform/binding-win32-x64-msvc": "0.90.0" } }, "sha512-REHhRGNg6Nxb5ZxjxiFDspkoGAt5h2NmO4HuyUYaRPhmPrfZ67dg3eo3WNGBvQIuZdOvw1pRGPlToj4hy7ri1w=="],

    "tslib": ["tslib@2.8.1", "", {}, "sha512-oJFu94HQb+KVduSUQL7wnpmqnfmLsOA/nAh6b6EH0wCEoK0/mPeXU6c3wKDV83MkOuHPRHtSXKKU99IBazS/2w=="],

    "typescript": ["typescript@5.9.2", "", { "bin": { "tsc": "bin/tsc", "tsserver": "bin/tsserver" } }, "sha512-CWBzXQrc/qOkhidw1OzBTQuYRbfyxDXJMVJ1XNwUHGROVmuaeiEm3OslpZ1RV96d7SKKjZKrSJu3+t/xlw3R9A=="],

    "undici-types": ["undici-types@7.12.0", "", {}, "sha512-goOacqME2GYyOZZfb5Lgtu+1IDmAlAEu5xnD3+xTzS10hT0vzpf0SPjkXwAw9Jm+4n/mQGDP3LO8CPbYROeBfQ=="],
  }
}
